// !$*UTF8*$!
{
	archiveVersion = 1;
	classes = {
	};
	objectVersion = 50;
	objects = {

/* Begin PBXBuildFile section */
		04AAC95526448A9F00B0858B /* NetworkManager.swift in Sources */ = {isa = PBXBuildFile; fileRef = 04AAC95426448A9F00B0858B /* NetworkManager.swift */; };
		04AAC9572644900600B0858B /* Constants.swift in Sources */ = {isa = PBXBuildFile; fileRef = 04AAC9562644900600B0858B /* Constants.swift */; };
		04AAC95A2644B9A200B0858B /* ViewController+AlertController.swift in Sources */ = {isa = PBXBuildFile; fileRef = 04AAC9592644B9A200B0858B /* ViewController+AlertController.swift */; };
		04D57BFB264363CF00AF483A /* AppDelegate.swift in Sources */ = {isa = PBXBuildFile; fileRef = 04D57BFA264363CF00AF483A /* AppDelegate.swift */; };
		04D57BFD264363CF00AF483A /* SceneDelegate.swift in Sources */ = {isa = PBXBuildFile; fileRef = 04D57BFC264363CF00AF483A /* SceneDelegate.swift */; };
		04D57BFF264363CF00AF483A /* ViewController.swift in Sources */ = {isa = PBXBuildFile; fileRef = 04D57BFE264363CF00AF483A /* ViewController.swift */; };
		04D57C02264363CF00AF483A /* Main.storyboard in Resources */ = {isa = PBXBuildFile; fileRef = 04D57C00264363CF00AF483A /* Main.storyboard */; };
		04D57C04264363CF00AF483A /* Assets.xcassets in Resources */ = {isa = PBXBuildFile; fileRef = 04D57C03264363CF00AF483A /* Assets.xcassets */; };
		04D57C07264363CF00AF483A /* LaunchScreen.storyboard in Resources */ = {isa = PBXBuildFile; fileRef = 04D57C05264363CF00AF483A /* LaunchScreen.storyboard */; };
		04D934D52648A3A1004DCAF5 /* Weather.swift in Sources */ = {isa = PBXBuildFile; fileRef = 04D934D42648A3A1004DCAF5 /* Weather.swift */; };
/* End PBXBuildFile section */

/* Begin PBXFileReference section */
		04AAC95426448A9F00B0858B /* NetworkManager.swift */ = {isa = PBXFileReference; lastKnownFileType = sourcecode.swift; path = NetworkManager.swift; sourceTree = "<group>"; };
		04AAC9562644900600B0858B /* Constants.swift */ = {isa = PBXFileReference; lastKnownFileType = sourcecode.swift; path = Constants.swift; sourceTree = "<group>"; };
		04AAC9592644B9A200B0858B /* ViewController+AlertController.swift */ = {isa = PBXFileReference; lastKnownFileType = sourcecode.swift; path = "ViewController+AlertController.swift"; sourceTree = "<group>"; };
		04D57BF7264363CF00AF483A /* EasyWeather.app */ = {isa = PBXFileReference; explicitFileType = wrapper.application; includeInIndex = 0; path = EasyWeather.app; sourceTree = BUILT_PRODUCTS_DIR; };
		04D57BFA264363CF00AF483A /* AppDelegate.swift */ = {isa = PBXFileReference; lastKnownFileType = sourcecode.swift; path = AppDelegate.swift; sourceTree = "<group>"; };
		04D57BFC264363CF00AF483A /* SceneDelegate.swift */ = {isa = PBXFileReference; lastKnownFileType = sourcecode.swift; path = SceneDelegate.swift; sourceTree = "<group>"; };
		04D57BFE264363CF00AF483A /* ViewController.swift */ = {isa = PBXFileReference; lastKnownFileType = sourcecode.swift; path = ViewController.swift; sourceTree = "<group>"; };
		04D57C01264363CF00AF483A /* Base */ = {isa = PBXFileReference; lastKnownFileType = file.storyboard; name = Base; path = Base.lproj/Main.storyboard; sourceTree = "<group>"; };
		04D57C03264363CF00AF483A /* Assets.xcassets */ = {isa = PBXFileReference; lastKnownFileType = folder.assetcatalog; path = Assets.xcassets; sourceTree = "<group>"; };
		04D57C06264363CF00AF483A /* Base */ = {isa = PBXFileReference; lastKnownFileType = file.storyboard; name = Base; path = Base.lproj/LaunchScreen.storyboard; sourceTree = "<group>"; };
		04D57C08264363CF00AF483A /* Info.plist */ = {isa = PBXFileReference; lastKnownFileType = text.plist.xml; path = Info.plist; sourceTree = "<group>"; };
		04D934D42648A3A1004DCAF5 /* Weather.swift */ = {isa = PBXFileReference; lastKnownFileType = sourcecode.swift; path = Weather.swift; sourceTree = "<group>"; };
/* End PBXFileReference section */

/* Begin PBXFrameworksBuildPhase section */
		04D57BF4264363CF00AF483A /* Frameworks */ = {
			isa = PBXFrameworksBuildPhase;
			buildActionMask = 2147483647;
			files = (
			);
			runOnlyForDeploymentPostprocessing = 0;
		};
/* End PBXFrameworksBuildPhase section */

/* Begin PBXGroup section */
		04AAC9582644B97400B0858B /* Extensions */ = {
			isa = PBXGroup;
			children = (
				04AAC9592644B9A200B0858B /* ViewController+AlertController.swift */,
			);
			path = Extensions;
			sourceTree = "<group>";
		};
		04D57BEE264363CF00AF483A = {
			isa = PBXGroup;
			children = (
				04D57BF9264363CF00AF483A /* EasyWeather */,
				04D57BF8264363CF00AF483A /* Products */,
			);
			sourceTree = "<group>";
		};
		04D57BF8264363CF00AF483A /* Products */ = {
			isa = PBXGroup;
			children = (
				04D57BF7264363CF00AF483A /* EasyWeather.app */,
			);
			name = Products;
			sourceTree = "<group>";
		};
		04D57BF9264363CF00AF483A /* EasyWeather */ = {
			isa = PBXGroup;
			children = (
				04AAC9582644B97400B0858B /* Extensions */,
				04D57C0E2643641700AF483A /* Models */,
				04D57C0F2643641E00AF483A /* Views */,
				04D57C102643642A00AF483A /* View Controllers */,
				04D57C112643645A00AF483A /* Supporting files */,
			);
			path = EasyWeather;
			sourceTree = "<group>";
		};
		04D57C0E2643641700AF483A /* Models */ = {
			isa = PBXGroup;
			children = (
				04AAC95426448A9F00B0858B /* NetworkManager.swift */,
				04D934D42648A3A1004DCAF5 /* Weather.swift */,
			);
			path = Models;
			sourceTree = "<group>";
		};
		04D57C0F2643641E00AF483A /* Views */ = {
			isa = PBXGroup;
			children = (
				04D57C00264363CF00AF483A /* Main.storyboard */,
				04D57C05264363CF00AF483A /* LaunchScreen.storyboard */,
			);
			path = Views;
			sourceTree = "<group>";
		};
		04D57C102643642A00AF483A /* View Controllers */ = {
			isa = PBXGroup;
			children = (
				04D57BFE264363CF00AF483A /* ViewController.swift */,
			);
			path = "View Controllers";
			sourceTree = "<group>";
		};
		04D57C112643645A00AF483A /* Supporting files */ = {
			isa = PBXGroup;
			children = (
				04D57BFA264363CF00AF483A /* AppDelegate.swift */,
				04D57BFC264363CF00AF483A /* SceneDelegate.swift */,
				04D57C03264363CF00AF483A /* Assets.xcassets */,
				04D57C08264363CF00AF483A /* Info.plist */,
				04AAC9562644900600B0858B /* Constants.swift */,
			);
			path = "Supporting files";
			sourceTree = "<group>";
		};
/* End PBXGroup section */

/* Begin PBXNativeTarget section */
		04D57BF6264363CF00AF483A /* EasyWeather */ = {
			isa = PBXNativeTarget;
			buildConfigurationList = 04D57C0B264363CF00AF483A /* Build configuration list for PBXNativeTarget "EasyWeather" */;
			buildPhases = (
				04D57BF3264363CF00AF483A /* Sources */,
				04D57BF4264363CF00AF483A /* Frameworks */,
				04D57BF5264363CF00AF483A /* Resources */,
			);
			buildRules = (
			);
			dependencies = (
			);
			name = EasyWeather;
			productName = EasyWeather;
			productReference = 04D57BF7264363CF00AF483A /* EasyWeather.app */;
			productType = "com.apple.product-type.application";
		};
/* End PBXNativeTarget section */

/* Begin PBXProject section */
		04D57BEF264363CF00AF483A /* Project object */ = {
			isa = PBXProject;
			attributes = {
				LastSwiftUpdateCheck = 1250;
				LastUpgradeCheck = 1250;
				TargetAttributes = {
					04D57BF6264363CF00AF483A = {
						CreatedOnToolsVersion = 12.5;
					};
				};
			};
			buildConfigurationList = 04D57BF2264363CF00AF483A /* Build configuration list for PBXProject "EasyWeather" */;
			compatibilityVersion = "Xcode 9.3";
			developmentRegion = en;
			hasScannedForEncodings = 0;
			knownRegions = (
				en,
				Base,
			);
			mainGroup = 04D57BEE264363CF00AF483A;
			productRefGroup = 04D57BF8264363CF00AF483A /* Products */;
			projectDirPath = "";
			projectRoot = "";
			targets = (
				04D57BF6264363CF00AF483A /* EasyWeather */,
			);
		};
/* End PBXProject section */

/* Begin PBXResourcesBuildPhase section */
		04D57BF5264363CF00AF483A /* Resources */ = {
			isa = PBXResourcesBuildPhase;
			buildActionMask = 2147483647;
			files = (
				04D57C07264363CF00AF483A /* LaunchScreen.storyboard in Resources */,
				04D57C04264363CF00AF483A /* Assets.xcassets in Resources */,
				04D57C02264363CF00AF483A /* Main.storyboard in Resources */,
			);
			runOnlyForDeploymentPostprocessing = 0;
		};
/* End PBXResourcesBuildPhase section */

/* Begin PBXSourcesBuildPhase section */
		04D57BF3264363CF00AF483A /* Sources */ = {
			isa = PBXSourcesBuildPhase;
			buildActionMask = 2147483647;
			files = (
				04AAC9572644900600B0858B /* Constants.swift in Sources */,
				04AAC95526448A9F00B0858B /* NetworkManager.swift in Sources */,
				04D57BFF264363CF00AF483A /* ViewController.swift in Sources */,
				04AAC95A2644B9A200B0858B /* ViewController+AlertController.swift in Sources */,
				04D57BFB264363CF00AF483A /* AppDelegate.swift in Sources */,
				04D57BFD264363CF00AF483A /* SceneDelegate.swift in Sources */,
				04D934D52648A3A1004DCAF5 /* Weather.swift in Sources */,
			);
			runOnlyForDeploymentPostprocessing = 0;
		};
/* End PBXSourcesBuildPhase section */

/* Begin PBXVariantGroup section */
		04D57C00264363CF00AF483A /* Main.storyboard */ = {
			isa = PBXVariantGroup;
			children = (
				04D57C01264363CF00AF483A /* Base */,
			);
			name = Main.storyboard;
			sourceTree = "<group>";
		};
		04D57C05264363CF00AF483A /* LaunchScreen.storyboard */ = {
			isa = PBXVariantGroup;
			children = (
				04D57C06264363CF00AF483A /* Base */,
			);
			name = LaunchScreen.storyboard;
			sourceTree = "<group>";
		};
/* End PBXVariantGroup section */

/* Begin XCBuildConfiguration section */
		04D57C09264363CF00AF483A /* Debug */ = {
			isa = XCBuildConfiguration;
			buildSettings = {
				ALWAYS_SEARCH_USER_PATHS = NO;
				CLANG_ANALYZER_NONNULL = YES;
				CLANG_ANALYZER_NUMBER_OBJECT_CONVERSION = YES_AGGRESSIVE;
				CLANG_CXX_LANGUAGE_STANDARD = "gnu++14";
				CLANG_CXX_LIBRARY = "libc++";
				CLANG_ENABLE_MODULES = YES;
				CLANG_ENABLE_OBJC_ARC = YES;
				CLANG_ENABLE_OBJC_WEAK = YES;
				CLANG_WARN_BLOCK_CAPTURE_AUTORELEASING = YES;
				CLANG_WARN_BOOL_CONVERSION = YES;
				CLANG_WARN_COMMA = YES;
				CLANG_WARN_CONSTANT_CONVERSION = YES;
				CLANG_WARN_DEPRECATED_OBJC_IMPLEMENTATIONS = YES;
				CLANG_WARN_DIRECT_OBJC_ISA_USAGE = YES_ERROR;
				CLANG_WARN_DOCUMENTATION_COMMENTS = YES;
				CLANG_WARN_EMPTY_BODY = YES;
				CLANG_WARN_ENUM_CONVERSION = YES;
				CLANG_WARN_INFINITE_RECURSION = YES;
				CLANG_WARN_INT_CONVERSION = YES;
				CLANG_WARN_NON_LITERAL_NULL_CONVERSION = YES;
				CLANG_WARN_OBJC_IMPLICIT_RETAIN_SELF = YES;
				CLANG_WARN_OBJC_LITERAL_CONVERSION = YES;
				CLANG_WARN_OBJC_ROOT_CLASS = YES_ERROR;
				CLANG_WARN_QUOTED_INCLUDE_IN_FRAMEWORK_HEADER = YES;
				CLANG_WARN_RANGE_LOOP_ANALYSIS = YES;
				CLANG_WARN_STRICT_PROTOTYPES = YES;
				CLANG_WARN_SUSPICIOUS_MOVE = YES;
				CLANG_WARN_UNGUARDED_AVAILABILITY = YES_AGGRESSIVE;
				CLANG_WARN_UNREACHABLE_CODE = YES;
				CLANG_WARN__DUPLICATE_METHOD_MATCH = YES;
				COPY_PHASE_STRIP = NO;
				DEBUG_INFORMATION_FORMAT = dwarf;
				ENABLE_STRICT_OBJC_MSGSEND = YES;
				ENABLE_TESTABILITY = YES;
				GCC_C_LANGUAGE_STANDARD = gnu11;
				GCC_DYNAMIC_NO_PIC = NO;
				GCC_NO_COMMON_BLOCKS = YES;
				GCC_OPTIMIZATION_LEVEL = 0;
				GCC_PREPROCESSOR_DEFINITIONS = (
					"DEBUG=1",
					"$(inherited)",
				);
				GCC_WARN_64_TO_32_BIT_CONVERSION = YES;
				GCC_WARN_ABOUT_RETURN_TYPE = YES_ERROR;
				GCC_WARN_UNDECLARED_SELECTOR = YES;
				GCC_WARN_UNINITIALIZED_AUTOS = YES_AGGRESSIVE;
				GCC_WARN_UNUSED_FUNCTION = YES;
				GCC_WARN_UNUSED_VARIABLE = YES;
				IPHONEOS_DEPLOYMENT_TARGET = 14.5;
				MTL_ENABLE_DEBUG_INFO = INCLUDE_SOURCE;
				MTL_FAST_MATH = YES;
				ONLY_ACTIVE_ARCH = YES;
				SDKROOT = iphoneos;
				SWIFT_ACTIVE_COMPILATION_CONDITIONS = DEBUG;
				SWIFT_OPTIMIZATION_LEVEL = "-Onone";
			};
			name = Debug;
		};
		04D57C0A264363CF00AF483A /* Release */ = {
			isa = XCBuildConfiguration;
			buildSettings = {
				ALWAYS_SEARCH_USER_PATHS = NO;
				CLANG_ANALYZER_NONNULL = YES;
				CLANG_ANALYZER_NUMBER_OBJECT_CONVERSION = YES_AGGRESSIVE;
				CLANG_CXX_LANGUAGE_STANDARD = "gnu++14";
				CLANG_CXX_LIBRARY = "libc++";
				CLANG_ENABLE_MODULES = YES;
				CLANG_ENABLE_OBJC_ARC = YES;
				CLANG_ENABLE_OBJC_WEAK = YES;
				CLANG_WARN_BLOCK_CAPTURE_AUTORELEASING = YES;
				CLANG_WARN_BOOL_CONVERSION = YES;
				CLANG_WARN_COMMA = YES;
				CLANG_WARN_CONSTANT_CONVERSION = YES;
				CLANG_WARN_DEPRECATED_OBJC_IMPLEMENTATIONS = YES;
				CLANG_WARN_DIRECT_OBJC_ISA_USAGE = YES_ERROR;
				CLANG_WARN_DOCUMENTATION_COMMENTS = YES;
				CLANG_WARN_EMPTY_BODY = YES;
				CLANG_WARN_ENUM_CONVERSION = YES;
				CLANG_WARN_INFINITE_RECURSION = YES;
				CLANG_WARN_INT_CONVERSION = YES;
				CLANG_WARN_NON_LITERAL_NULL_CONVERSION = YES;
				CLANG_WARN_OBJC_IMPLICIT_RETAIN_SELF = YES;
				CLANG_WARN_OBJC_LITERAL_CONVERSION = YES;
				CLANG_WARN_OBJC_ROOT_CLASS = YES_ERROR;
				CLANG_WARN_QUOTED_INCLUDE_IN_FRAMEWORK_HEADER = YES;
				CLANG_WARN_RANGE_LOOP_ANALYSIS = YES;
				CLANG_WARN_STRICT_PROTOTYPES = YES;
				CLANG_WARN_SUSPICIOUS_MOVE = YES;
				CLANG_WARN_UNGUARDED_AVAILABILITY = YES_AGGRESSIVE;
				CLANG_WARN_UNREACHABLE_CODE = YES;
				CLANG_WARN__DUPLICATE_METHOD_MATCH = YES;
				COPY_PHASE_STRIP = NO;
				DEBUG_INFORMATION_FORMAT = "dwarf-with-dsym";
				ENABLE_NS_ASSERTIONS = NO;
				ENABLE_STRICT_OBJC_MSGSEND = YES;
				GCC_C_LANGUAGE_STANDARD = gnu11;
				GCC_NO_COMMON_BLOCKS = YES;
				GCC_WARN_64_TO_32_BIT_CONVERSION = YES;
				GCC_WARN_ABOUT_RETURN_TYPE = YES_ERROR;
				GCC_WARN_UNDECLARED_SELECTOR = YES;
				GCC_WARN_UNINITIALIZED_AUTOS = YES_AGGRESSIVE;
				GCC_WARN_UNUSED_FUNCTION = YES;
				GCC_WARN_UNUSED_VARIABLE = YES;
				IPHONEOS_DEPLOYMENT_TARGET = 14.5;
				MTL_ENABLE_DEBUG_INFO = NO;
				MTL_FAST_MATH = YES;
				SDKROOT = iphoneos;
				SWIFT_COMPILATION_MODE = wholemodule;
				SWIFT_OPTIMIZATION_LEVEL = "-O";
				VALIDATE_PRODUCT = YES;
			};
			name = Release;
		};
		04D57C0C264363CF00AF483A /* Debug */ = {
			isa = XCBuildConfiguration;
			buildSettings = {
				ASSETCATALOG_COMPILER_APPICON_NAME = AppIcon;
				ASSETCATALOG_COMPILER_GLOBAL_ACCENT_COLOR_NAME = AccentColor;
				CODE_SIGN_STYLE = Automatic;
				DEVELOPMENT_TEAM = GY2C3R932A;
				INFOPLIST_FILE = "EasyWeather/Supporting files/Info.plist";
				IPHONEOS_DEPLOYMENT_TARGET = 14.1;
				LD_RUNPATH_SEARCH_PATHS = (
					"$(inherited)",
					"@executable_path/Frameworks",
				);
				PRODUCT_BUNDLE_IDENTIFIER = com.redax.EasyWeather;
				PRODUCT_NAME = "$(TARGET_NAME)";
				SWIFT_VERSION = 5.0;
				TARGETED_DEVICE_FAMILY = "1,2";
			};
			name = Debug;
		};
		04D57C0D264363CF00AF483A /* Release */ = {
			isa = XCBuildConfiguration;
			buildSettings = {
				ASSETCATALOG_COMPILER_APPICON_NAME = AppIcon;
				ASSETCATALOG_COMPILER_GLOBAL_ACCENT_COLOR_NAME = AccentColor;
				CODE_SIGN_STYLE = Automatic;
				DEVELOPMENT_TEAM = GY2C3R932A;
				INFOPLIST_FILE = "EasyWeather/Supporting files/Info.plist";
				IPHONEOS_DEPLOYMENT_TARGET = 14.1;
				LD_RUNPATH_SEARCH_PATHS = (
					"$(inherited)",
					"@executable_path/Frameworks",
				);
				PRODUCT_BUNDLE_IDENTIFIER = com.redax.EasyWeather;
				PRODUCT_NAME = "$(TARGET_NAME)";
				SWIFT_VERSION = 5.0;
				TARGETED_DEVICE_FAMILY = "1,2";
			};
			name = Release;
		};
/* End XCBuildConfiguration section */

/* Begin XCConfigurationList section */
		04D57BF2264363CF00AF483A /* Build configuration list for PBXProject "EasyWeather" */ = {
			isa = XCConfigurationList;
			buildConfigurations = (
				04D57C09264363CF00AF483A /* Debug */,
				04D57C0A264363CF00AF483A /* Release */,
			);
			defaultConfigurationIsVisible = 0;
			defaultConfigurationName = Release;
		};
		04D57C0B264363CF00AF483A /* Build configuration list for PBXNativeTarget "EasyWeather" */ = {
			isa = XCConfigurationList;
			buildConfigurations = (
				04D57C0C264363CF00AF483A /* Debug */,
				04D57C0D264363CF00AF483A /* Release */,
			);
			defaultConfigurationIsVisible = 0;
			defaultConfigurationName = Release;
		};
/* End XCConfigurationList section */
	};
	rootObject = 04D57BEF264363CF00AF483A /* Project object */;
}
